{
  "version": 4,
  "terraform_version": "1.4.2",
  "serial": 157,
  "lineage": "8ad60f15-8e2a-ea7d-b18f-3e15f093cdda",
  "outputs": {},
  "resources": [
    {
      "module": "module.EshtablishingPeering",
      "mode": "managed",
      "type": "aws_vpc_peering_connection",
      "name": "just_peer",
      "provider": "provider[\"registry.terraform.io/hashicorp/aws\"]",
      "instances": [
        {
          "schema_version": 0,
          "attributes": {
            "accept_status": "active",
            "accepter": [
              {
                "allow_classic_link_to_remote_vpc": false,
                "allow_remote_vpc_dns_resolution": false,
                "allow_vpc_to_remote_classic_link": false
              }
            ],
            "auto_accept": true,
            "id": "pcx-013856aaca88f6e78",
            "peer_owner_id": "528519205020",
            "peer_region": "ap-south-1",
            "peer_vpc_id": "vpc-00a9d1f3219e8cda2",
            "requester": [
              {
                "allow_classic_link_to_remote_vpc": false,
                "allow_remote_vpc_dns_resolution": false,
                "allow_vpc_to_remote_classic_link": false
              }
            ],
            "tags": {
              "Name": "just_peer"
            },
            "tags_all": {
              "Name": "just_peer"
            },
            "timeouts": null,
            "vpc_id": "vpc-00839cb4dd36107fe"
          },
          "sensitive_attributes": [],
          "private": "eyJlMmJmYjczMC1lY2FhLTExZTYtOGY4OC0zNDM2M2JjN2M0YzAiOnsiY3JlYXRlIjo2MDAwMDAwMDAwMCwiZGVsZXRlIjo2MDAwMDAwMDAwMCwidXBkYXRlIjo2MDAwMDAwMDAwMH19",
          "dependencies": [
            "module.creating_VPC.aws_vpc.create_vpc"
          ]
        }
      ]
    },
    {
      "module": "module.attachingIG",
      "mode": "managed",
      "type": "aws_internet_gateway",
      "name": "requester_igw",
      "provider": "provider[\"registry.terraform.io/hashicorp/aws\"]",
      "instances": [
        {
          "schema_version": 0,
          "attributes": {
            "arn": "arn:aws:ec2:ap-south-1:528519205020:internet-gateway/igw-0205f07ecd8a92633",
            "id": "igw-0205f07ecd8a92633",
            "owner_id": "528519205020",
            "tags": {
              "Name": "requester_igw"
            },
            "tags_all": {
              "Name": "requester_igw"
            },
            "timeouts": null,
            "vpc_id": "vpc-00839cb4dd36107fe"
          },
          "sensitive_attributes": [],
          "private": "eyJlMmJmYjczMC1lY2FhLTExZTYtOGY4OC0zNDM2M2JjN2M0YzAiOnsiY3JlYXRlIjoxMjAwMDAwMDAwMDAwLCJkZWxldGUiOjEyMDAwMDAwMDAwMDAsInVwZGF0ZSI6MTIwMDAwMDAwMDAwMH19",
          "dependencies": [
            "module.creating_VPC.aws_vpc.create_vpc"
          ]
        }
      ]
    },
    {
      "module": "module.create_ec2[0]",
      "mode": "managed",
      "type": "aws_instance",
      "name": "create_inst",
      "provider": "provider[\"registry.terraform.io/hashicorp/aws\"]",
      "instances": [
        {
          "schema_version": 1,
          "attributes": {
            "ami": "ami-0b08bfc6ff7069aff",
            "arn": "arn:aws:ec2:ap-south-1:528519205020:instance/i-00d4d48a250019654",
            "associate_public_ip_address": true,
            "availability_zone": "ap-south-1a",
            "capacity_reservation_specification": [
              {
                "capacity_reservation_preference": "open",
                "capacity_reservation_target": []
              }
            ],
            "cpu_core_count": 1,
            "cpu_options": [
              {
                "amd_sev_snp": "",
                "core_count": 1,
                "threads_per_core": 1
              }
            ],
            "cpu_threads_per_core": 1,
            "credit_specification": [
              {
                "cpu_credits": "standard"
              }
            ],
            "disable_api_stop": false,
            "disable_api_termination": false,
            "ebs_block_device": [],
            "ebs_optimized": false,
            "enclave_options": [
              {
                "enabled": false
              }
            ],
            "ephemeral_block_device": [],
            "get_password_data": false,
            "hibernation": false,
            "host_id": "",
            "host_resource_group_arn": null,
            "iam_instance_profile": "",
            "id": "i-00d4d48a250019654",
            "instance_initiated_shutdown_behavior": "stop",
            "instance_state": "running",
            "instance_type": "t2.micro",
            "ipv6_address_count": 0,
            "ipv6_addresses": [],
            "key_name": "",
            "launch_template": [],
            "maintenance_options": [
              {
                "auto_recovery": "default"
              }
            ],
            "metadata_options": [
              {
                "http_endpoint": "enabled",
                "http_put_response_hop_limit": 2,
                "http_tokens": "required",
                "instance_metadata_tags": "disabled"
              }
            ],
            "monitoring": false,
            "network_interface": [],
            "outpost_arn": "",
            "password_data": "",
            "placement_group": "",
            "placement_partition_number": 0,
            "primary_network_interface_id": "eni-0e727aaa25618809c",
            "private_dns": "ip-10-0-3-38.ap-south-1.compute.internal",
            "private_dns_name_options": [
              {
                "enable_resource_name_dns_a_record": false,
                "enable_resource_name_dns_aaaa_record": false,
                "hostname_type": "ip-name"
              }
            ],
            "private_ip": "10.0.3.38",
            "public_dns": "",
            "public_ip": "43.205.255.76",
            "root_block_device": [
              {
                "delete_on_termination": true,
                "device_name": "/dev/xvda",
                "encrypted": false,
                "iops": 3000,
                "kms_key_id": "",
                "tags": {},
                "throughput": 125,
                "volume_id": "vol-0bd896da60b4a620e",
                "volume_size": 8,
                "volume_type": "gp3"
              }
            ],
            "secondary_private_ips": [],
            "security_groups": [
              "sg-00cfe0561228b825f"
            ],
            "source_dest_check": true,
            "subnet_id": "subnet-0612422553217559b",
            "tags": {
              "Name": "public_inst",
              "Owner": "b8g2",
              "Purpose": "training"
            },
            "tags_all": {
              "Name": "public_inst",
              "Owner": "b8g2",
              "Purpose": "training"
            },
            "tenancy": "default",
            "timeouts": null,
            "user_data": null,
            "user_data_base64": null,
            "user_data_replace_on_change": false,
            "volume_tags": {
              "Name": "public_inst",
              "Owner": "b8g2",
              "Purpose": "training"
            },
            "vpc_security_group_ids": [
              "sg-00cfe0561228b825f"
            ]
          },
          "sensitive_attributes": [],
          "private": "eyJlMmJmYjczMC1lY2FhLTExZTYtOGY4OC0zNDM2M2JjN2M0YzAiOnsiY3JlYXRlIjo2MDAwMDAwMDAwMDAsImRlbGV0ZSI6MTIwMDAwMDAwMDAwMCwidXBkYXRlIjo2MDAwMDAwMDAwMDB9LCJzY2hlbWFfdmVyc2lvbiI6IjEifQ==",
          "dependencies": [
            "module.create_sg.aws_security_group.create_sg",
            "module.creating_Subnets.aws_subnet.create_subnet",
            "module.creating_VPC.aws_vpc.create_vpc"
          ]
        }
      ]
    },
    {
      "module": "module.create_ec2[1]",
      "mode": "managed",
      "type": "aws_instance",
      "name": "create_inst",
      "provider": "provider[\"registry.terraform.io/hashicorp/aws\"]",
      "instances": [
        {
          "schema_version": 1,
          "attributes": {
            "ami": "ami-0b08bfc6ff7069aff",
            "arn": "arn:aws:ec2:ap-south-1:528519205020:instance/i-02c650e6f8127037e",
            "associate_public_ip_address": false,
            "availability_zone": "ap-south-1b",
            "capacity_reservation_specification": [
              {
                "capacity_reservation_preference": "open",
                "capacity_reservation_target": []
              }
            ],
            "cpu_core_count": 1,
            "cpu_options": [
              {
                "amd_sev_snp": "",
                "core_count": 1,
                "threads_per_core": 1
              }
            ],
            "cpu_threads_per_core": 1,
            "credit_specification": [
              {
                "cpu_credits": "standard"
              }
            ],
            "disable_api_stop": false,
            "disable_api_termination": false,
            "ebs_block_device": [],
            "ebs_optimized": false,
            "enclave_options": [
              {
                "enabled": false
              }
            ],
            "ephemeral_block_device": [],
            "get_password_data": false,
            "hibernation": false,
            "host_id": "",
            "host_resource_group_arn": null,
            "iam_instance_profile": "",
            "id": "i-02c650e6f8127037e",
            "instance_initiated_shutdown_behavior": "stop",
            "instance_state": "running",
            "instance_type": "t2.micro",
            "ipv6_address_count": 0,
            "ipv6_addresses": [],
            "key_name": "",
            "launch_template": [],
            "maintenance_options": [
              {
                "auto_recovery": "default"
              }
            ],
            "metadata_options": [
              {
                "http_endpoint": "enabled",
                "http_put_response_hop_limit": 2,
                "http_tokens": "required",
                "instance_metadata_tags": "disabled"
              }
            ],
            "monitoring": false,
            "network_interface": [],
            "outpost_arn": "",
            "password_data": "",
            "placement_group": "",
            "placement_partition_number": 0,
            "primary_network_interface_id": "eni-0fb6b7a36ec5860d3",
            "private_dns": "ip-10-1-13-135.ap-south-1.compute.internal",
            "private_dns_name_options": [
              {
                "enable_resource_name_dns_a_record": false,
                "enable_resource_name_dns_aaaa_record": false,
                "hostname_type": "ip-name"
              }
            ],
            "private_ip": "10.1.13.135",
            "public_dns": "",
            "public_ip": "",
            "root_block_device": [
              {
                "delete_on_termination": true,
                "device_name": "/dev/xvda",
                "encrypted": false,
                "iops": 3000,
                "kms_key_id": "",
                "tags": {},
                "throughput": 125,
                "volume_id": "vol-021db05c8f9506ddc",
                "volume_size": 8,
                "volume_type": "gp3"
              }
            ],
            "secondary_private_ips": [],
            "security_groups": [
              "sg-0d9881c4ad5e230f1"
            ],
            "source_dest_check": true,
            "subnet_id": "subnet-0f058d65ce186b45e",
            "tags": {
              "Name": "private_inst",
              "Owner": "b8g2",
              "Purpose": "training"
            },
            "tags_all": {
              "Name": "private_inst",
              "Owner": "b8g2",
              "Purpose": "training"
            },
            "tenancy": "default",
            "timeouts": null,
            "user_data": null,
            "user_data_base64": null,
            "user_data_replace_on_change": false,
            "volume_tags": {
              "Name": "private_inst",
              "Owner": "b8g2",
              "Purpose": "training"
            },
            "vpc_security_group_ids": [
              "sg-0d9881c4ad5e230f1"
            ]
          },
          "sensitive_attributes": [],
          "private": "eyJlMmJmYjczMC1lY2FhLTExZTYtOGY4OC0zNDM2M2JjN2M0YzAiOnsiY3JlYXRlIjo2MDAwMDAwMDAwMDAsImRlbGV0ZSI6MTIwMDAwMDAwMDAwMCwidXBkYXRlIjo2MDAwMDAwMDAwMDB9LCJzY2hlbWFfdmVyc2lvbiI6IjEifQ==",
          "dependencies": [
            "module.create_sg.aws_security_group.create_sg",
            "module.creating_Subnets.aws_subnet.create_subnet",
            "module.creating_VPC.aws_vpc.create_vpc"
          ]
        }
      ]
    },
    {
      "module": "module.create_sg[0]",
      "mode": "managed",
      "type": "aws_security_group",
      "name": "create_sg",
      "provider": "provider[\"registry.terraform.io/hashicorp/aws\"]",
      "instances": [
        {
          "schema_version": 1,
          "attributes": {
            "arn": "arn:aws:ec2:ap-south-1:528519205020:security-group/sg-00cfe0561228b825f",
            "description": "alowing only ssh to connect with ec2 and then connect to another ec2 which is in private vpc",
            "egress": [
              {
                "cidr_blocks": [
                  "0.0.0.0/0"
                ],
                "description": "",
                "from_port": 0,
                "ipv6_cidr_blocks": [],
                "prefix_list_ids": [],
                "protocol": "-1",
                "security_groups": [],
                "self": false,
                "to_port": 0
              }
            ],
            "id": "sg-00cfe0561228b825f",
            "ingress": [
              {
                "cidr_blocks": [
                  "0.0.0.0/0"
                ],
                "description": "",
                "from_port": 22,
                "ipv6_cidr_blocks": [],
                "prefix_list_ids": [],
                "protocol": "tcp",
                "security_groups": [],
                "self": false,
                "to_port": 22
              }
            ],
            "name": "requester_sg",
            "name_prefix": "",
            "owner_id": "528519205020",
            "revoke_rules_on_delete": false,
            "tags": {
              "Name": "requester_sg"
            },
            "tags_all": {
              "Name": "requester_sg"
            },
            "timeouts": null,
            "vpc_id": "vpc-00839cb4dd36107fe"
          },
          "sensitive_attributes": [],
          "private": "eyJlMmJmYjczMC1lY2FhLTExZTYtOGY4OC0zNDM2M2JjN2M0YzAiOnsiY3JlYXRlIjo2MDAwMDAwMDAwMDAsImRlbGV0ZSI6OTAwMDAwMDAwMDAwfSwic2NoZW1hX3ZlcnNpb24iOiIxIn0=",
          "dependencies": [
            "module.creating_VPC.aws_vpc.create_vpc"
          ]
        }
      ]
    },
    {
      "module": "module.create_sg[1]",
      "mode": "managed",
      "type": "aws_security_group",
      "name": "create_sg",
      "provider": "provider[\"registry.terraform.io/hashicorp/aws\"]",
      "instances": [
        {
          "schema_version": 1,
          "attributes": {
            "arn": "arn:aws:ec2:ap-south-1:528519205020:security-group/sg-0d9881c4ad5e230f1",
            "description": "alowing only ssh to connect with ec2 and then connect to another ec2 which is in private vpc",
            "egress": [
              {
                "cidr_blocks": [
                  "0.0.0.0/0"
                ],
                "description": "",
                "from_port": 0,
                "ipv6_cidr_blocks": [],
                "prefix_list_ids": [],
                "protocol": "-1",
                "security_groups": [],
                "self": false,
                "to_port": 0
              }
            ],
            "id": "sg-0d9881c4ad5e230f1",
            "ingress": [
              {
                "cidr_blocks": [
                  "10.0.0.0/20"
                ],
                "description": "",
                "from_port": 22,
                "ipv6_cidr_blocks": [],
                "prefix_list_ids": [],
                "protocol": "tcp",
                "security_groups": [],
                "self": false,
                "to_port": 22
              }
            ],
            "name": "accepter_sg",
            "name_prefix": "",
            "owner_id": "528519205020",
            "revoke_rules_on_delete": false,
            "tags": {
              "Name": "accepter_sg"
            },
            "tags_all": {
              "Name": "accepter_sg"
            },
            "timeouts": null,
            "vpc_id": "vpc-00a9d1f3219e8cda2"
          },
          "sensitive_attributes": [],
          "private": "eyJlMmJmYjczMC1lY2FhLTExZTYtOGY4OC0zNDM2M2JjN2M0YzAiOnsiY3JlYXRlIjo2MDAwMDAwMDAwMDAsImRlbGV0ZSI6OTAwMDAwMDAwMDAwfSwic2NoZW1hX3ZlcnNpb24iOiIxIn0=",
          "dependencies": [
            "module.creating_VPC.aws_vpc.create_vpc"
          ]
        }
      ]
    },
    {
      "module": "module.creating_RT_accepter",
      "mode": "managed",
      "type": "aws_route_table",
      "name": "accepter_rt",
      "provider": "provider[\"registry.terraform.io/hashicorp/aws\"]",
      "instances": [
        {
          "schema_version": 0,
          "attributes": {
            "arn": "arn:aws:ec2:ap-south-1:528519205020:route-table/rtb-07cc1296789ef366e",
            "id": "rtb-07cc1296789ef366e",
            "owner_id": "528519205020",
            "propagating_vgws": [],
            "route": [
              {
                "carrier_gateway_id": "",
                "cidr_block": "10.0.0.0/20",
                "core_network_arn": "",
                "destination_prefix_list_id": "",
                "egress_only_gateway_id": "",
                "gateway_id": "",
                "instance_id": "",
                "ipv6_cidr_block": "",
                "local_gateway_id": "",
                "nat_gateway_id": "",
                "network_interface_id": "",
                "transit_gateway_id": "",
                "vpc_endpoint_id": "",
                "vpc_peering_connection_id": "pcx-013856aaca88f6e78"
              }
            ],
            "tags": {
              "Name": "accepter_routetable"
            },
            "tags_all": {
              "Name": "accepter_routetable"
            },
            "timeouts": null,
            "vpc_id": "vpc-00a9d1f3219e8cda2"
          },
          "sensitive_attributes": [],
          "private": "eyJlMmJmYjczMC1lY2FhLTExZTYtOGY4OC0zNDM2M2JjN2M0YzAiOnsiY3JlYXRlIjozMDAwMDAwMDAwMDAsImRlbGV0ZSI6MzAwMDAwMDAwMDAwLCJ1cGRhdGUiOjEyMDAwMDAwMDAwMH19",
          "dependencies": [
            "module.EshtablishingPeering.aws_vpc_peering_connection.just_peer",
            "module.creating_VPC.aws_vpc.create_vpc"
          ]
        }
      ]
    },
    {
      "module": "module.creating_RT_requester",
      "mode": "managed",
      "type": "aws_route_table",
      "name": "requester_rt",
      "provider": "provider[\"registry.terraform.io/hashicorp/aws\"]",
      "instances": [
        {
          "schema_version": 0,
          "attributes": {
            "arn": "arn:aws:ec2:ap-south-1:528519205020:route-table/rtb-01777fe2815da9509",
            "id": "rtb-01777fe2815da9509",
            "owner_id": "528519205020",
            "propagating_vgws": [],
            "route": [
              {
                "carrier_gateway_id": "",
                "cidr_block": "0.0.0.0/0",
                "core_network_arn": "",
                "destination_prefix_list_id": "",
                "egress_only_gateway_id": "",
                "gateway_id": "igw-0205f07ecd8a92633",
                "instance_id": "",
                "ipv6_cidr_block": "",
                "local_gateway_id": "",
                "nat_gateway_id": "",
                "network_interface_id": "",
                "transit_gateway_id": "",
                "vpc_endpoint_id": "",
                "vpc_peering_connection_id": ""
              },
              {
                "carrier_gateway_id": "",
                "cidr_block": "10.1.0.0/20",
                "core_network_arn": "",
                "destination_prefix_list_id": "",
                "egress_only_gateway_id": "",
                "gateway_id": "",
                "instance_id": "",
                "ipv6_cidr_block": "",
                "local_gateway_id": "",
                "nat_gateway_id": "",
                "network_interface_id": "",
                "transit_gateway_id": "",
                "vpc_endpoint_id": "",
                "vpc_peering_connection_id": "pcx-013856aaca88f6e78"
              }
            ],
            "tags": {
              "Name": "requester_routetable"
            },
            "tags_all": {
              "Name": "requester_routetable"
            },
            "timeouts": null,
            "vpc_id": "vpc-00839cb4dd36107fe"
          },
          "sensitive_attributes": [],
          "private": "eyJlMmJmYjczMC1lY2FhLTExZTYtOGY4OC0zNDM2M2JjN2M0YzAiOnsiY3JlYXRlIjozMDAwMDAwMDAwMDAsImRlbGV0ZSI6MzAwMDAwMDAwMDAwLCJ1cGRhdGUiOjEyMDAwMDAwMDAwMH19",
          "dependencies": [
            "module.EshtablishingPeering.aws_vpc_peering_connection.just_peer",
            "module.attachingIG.aws_internet_gateway.requester_igw",
            "module.creating_VPC.aws_vpc.create_vpc"
          ]
        }
      ]
    },
    {
      "module": "module.creating_Subnets[0]",
      "mode": "managed",
      "type": "aws_subnet",
      "name": "create_subnet",
      "provider": "provider[\"registry.terraform.io/hashicorp/aws\"]",
      "instances": [
        {
          "schema_version": 1,
          "attributes": {
            "arn": "arn:aws:ec2:ap-south-1:528519205020:subnet/subnet-0612422553217559b",
            "assign_ipv6_address_on_creation": false,
            "availability_zone": "ap-south-1a",
            "availability_zone_id": "aps1-az1",
            "cidr_block": "10.0.0.0/20",
            "customer_owned_ipv4_pool": "",
            "enable_dns64": false,
            "enable_lni_at_device_index": 0,
            "enable_resource_name_dns_a_record_on_launch": false,
            "enable_resource_name_dns_aaaa_record_on_launch": false,
            "id": "subnet-0612422553217559b",
            "ipv6_cidr_block": "",
            "ipv6_cidr_block_association_id": "",
            "ipv6_native": false,
            "map_customer_owned_ip_on_launch": false,
            "map_public_ip_on_launch": true,
            "outpost_arn": "",
            "owner_id": "528519205020",
            "private_dns_hostname_type_on_launch": "ip-name",
            "tags": {
              "Name": "public_subnet"
            },
            "tags_all": {
              "Name": "public_subnet"
            },
            "timeouts": null,
            "vpc_id": "vpc-00839cb4dd36107fe"
          },
          "sensitive_attributes": [],
          "private": "eyJlMmJmYjczMC1lY2FhLTExZTYtOGY4OC0zNDM2M2JjN2M0YzAiOnsiY3JlYXRlIjo2MDAwMDAwMDAwMDAsImRlbGV0ZSI6MTIwMDAwMDAwMDAwMH0sInNjaGVtYV92ZXJzaW9uIjoiMSJ9",
          "dependencies": [
            "module.creating_VPC.aws_vpc.create_vpc"
          ]
        }
      ]
    },
    {
      "module": "module.creating_Subnets[1]",
      "mode": "managed",
      "type": "aws_subnet",
      "name": "create_subnet",
      "provider": "provider[\"registry.terraform.io/hashicorp/aws\"]",
      "instances": [
        {
          "schema_version": 1,
          "attributes": {
            "arn": "arn:aws:ec2:ap-south-1:528519205020:subnet/subnet-0f058d65ce186b45e",
            "assign_ipv6_address_on_creation": false,
            "availability_zone": "ap-south-1b",
            "availability_zone_id": "aps1-az3",
            "cidr_block": "10.1.0.0/20",
            "customer_owned_ipv4_pool": "",
            "enable_dns64": false,
            "enable_lni_at_device_index": 0,
            "enable_resource_name_dns_a_record_on_launch": false,
            "enable_resource_name_dns_aaaa_record_on_launch": false,
            "id": "subnet-0f058d65ce186b45e",
            "ipv6_cidr_block": "",
            "ipv6_cidr_block_association_id": "",
            "ipv6_native": false,
            "map_customer_owned_ip_on_launch": false,
            "map_public_ip_on_launch": false,
            "outpost_arn": "",
            "owner_id": "528519205020",
            "private_dns_hostname_type_on_launch": "ip-name",
            "tags": {
              "Name": "private_subnet"
            },
            "tags_all": {
              "Name": "private_subnet"
            },
            "timeouts": null,
            "vpc_id": "vpc-00a9d1f3219e8cda2"
          },
          "sensitive_attributes": [],
          "private": "eyJlMmJmYjczMC1lY2FhLTExZTYtOGY4OC0zNDM2M2JjN2M0YzAiOnsiY3JlYXRlIjo2MDAwMDAwMDAwMDAsImRlbGV0ZSI6MTIwMDAwMDAwMDAwMH0sInNjaGVtYV92ZXJzaW9uIjoiMSJ9",
          "dependencies": [
            "module.creating_VPC.aws_vpc.create_vpc"
          ]
        }
      ]
    },
    {
      "module": "module.creating_VPC[0]",
      "mode": "managed",
      "type": "aws_vpc",
      "name": "create_vpc",
      "provider": "provider[\"registry.terraform.io/hashicorp/aws\"]",
      "instances": [
        {
          "schema_version": 1,
          "attributes": {
            "arn": "arn:aws:ec2:ap-south-1:528519205020:vpc/vpc-00839cb4dd36107fe",
            "assign_generated_ipv6_cidr_block": false,
            "cidr_block": "10.0.0.0/18",
            "default_network_acl_id": "acl-0f94374592e79c557",
            "default_route_table_id": "rtb-071e02e0637cae6ba",
            "default_security_group_id": "sg-0d0cae7eb55712828",
            "dhcp_options_id": "dopt-043565f818b17c916",
            "enable_classiclink": false,
            "enable_classiclink_dns_support": false,
            "enable_dns_hostnames": false,
            "enable_dns_support": true,
            "enable_network_address_usage_metrics": false,
            "id": "vpc-00839cb4dd36107fe",
            "instance_tenancy": "default",
            "ipv4_ipam_pool_id": null,
            "ipv4_netmask_length": null,
            "ipv6_association_id": "",
            "ipv6_cidr_block": "",
            "ipv6_cidr_block_network_border_group": "",
            "ipv6_ipam_pool_id": "",
            "ipv6_netmask_length": 0,
            "main_route_table_id": "rtb-071e02e0637cae6ba",
            "owner_id": "528519205020",
            "tags": {
              "Name": "requester_vpc"
            },
            "tags_all": {
              "Name": "requester_vpc"
            }
          },
          "sensitive_attributes": [],
          "private": "eyJzY2hlbWFfdmVyc2lvbiI6IjEifQ=="
        }
      ]
    },
    {
      "module": "module.creating_VPC[1]",
      "mode": "managed",
      "type": "aws_vpc",
      "name": "create_vpc",
      "provider": "provider[\"registry.terraform.io/hashicorp/aws\"]",
      "instances": [
        {
          "schema_version": 1,
          "attributes": {
            "arn": "arn:aws:ec2:ap-south-1:528519205020:vpc/vpc-00a9d1f3219e8cda2",
            "assign_generated_ipv6_cidr_block": false,
            "cidr_block": "10.1.0.0/18",
            "default_network_acl_id": "acl-09aa43f441b5a9e86",
            "default_route_table_id": "rtb-0bc398e1ecff4c812",
            "default_security_group_id": "sg-06f7e5d607f664cfd",
            "dhcp_options_id": "dopt-043565f818b17c916",
            "enable_classiclink": false,
            "enable_classiclink_dns_support": false,
            "enable_dns_hostnames": false,
            "enable_dns_support": true,
            "enable_network_address_usage_metrics": false,
            "id": "vpc-00a9d1f3219e8cda2",
            "instance_tenancy": "default",
            "ipv4_ipam_pool_id": null,
            "ipv4_netmask_length": null,
            "ipv6_association_id": "",
            "ipv6_cidr_block": "",
            "ipv6_cidr_block_network_border_group": "",
            "ipv6_ipam_pool_id": "",
            "ipv6_netmask_length": 0,
            "main_route_table_id": "rtb-0bc398e1ecff4c812",
            "owner_id": "528519205020",
            "tags": {
              "Name": "accepter_vpc"
            },
            "tags_all": {
              "Name": "accepter_vpc"
            }
          },
          "sensitive_attributes": [],
          "private": "eyJzY2hlbWFfdmVyc2lvbiI6IjEifQ=="
        }
      ]
    },
    {
      "module": "module.privateSubnetAssociation",
      "mode": "managed",
      "type": "aws_route_table_association",
      "name": "accepter_rt_association",
      "provider": "provider[\"registry.terraform.io/hashicorp/aws\"]",
      "instances": [
        {
          "schema_version": 0,
          "attributes": {
            "gateway_id": "",
            "id": "rtbassoc-0687fd7b9cc5d24e8",
            "route_table_id": "rtb-07cc1296789ef366e",
            "subnet_id": "subnet-0f058d65ce186b45e",
            "timeouts": null
          },
          "sensitive_attributes": [],
          "private": "eyJlMmJmYjczMC1lY2FhLTExZTYtOGY4OC0zNDM2M2JjN2M0YzAiOnsiY3JlYXRlIjozMDAwMDAwMDAwMDAsImRlbGV0ZSI6MzAwMDAwMDAwMDAwLCJ1cGRhdGUiOjEyMDAwMDAwMDAwMH19",
          "dependencies": [
            "module.EshtablishingPeering.aws_vpc_peering_connection.just_peer",
            "module.creating_RT_accepter.aws_route_table.accepter_rt",
            "module.creating_Subnets.aws_subnet.create_subnet",
            "module.creating_VPC.aws_vpc.create_vpc"
          ]
        }
      ]
    },
    {
      "module": "module.publicSubnetAssociation",
      "mode": "managed",
      "type": "aws_route_table_association",
      "name": "requester_rt_association",
      "provider": "provider[\"registry.terraform.io/hashicorp/aws\"]",
      "instances": [
        {
          "schema_version": 0,
          "attributes": {
            "gateway_id": "",
            "id": "rtbassoc-0fc574b8033bea5a0",
            "route_table_id": "rtb-01777fe2815da9509",
            "subnet_id": "subnet-0612422553217559b",
            "timeouts": null
          },
          "sensitive_attributes": [],
          "private": "eyJlMmJmYjczMC1lY2FhLTExZTYtOGY4OC0zNDM2M2JjN2M0YzAiOnsiY3JlYXRlIjozMDAwMDAwMDAwMDAsImRlbGV0ZSI6MzAwMDAwMDAwMDAwLCJ1cGRhdGUiOjEyMDAwMDAwMDAwMH19",
          "dependencies": [
            "module.EshtablishingPeering.aws_vpc_peering_connection.just_peer",
            "module.attachingIG.aws_internet_gateway.requester_igw",
            "module.creating_RT_requester.aws_route_table.requester_rt",
            "module.creating_Subnets.aws_subnet.create_subnet",
            "module.creating_VPC.aws_vpc.create_vpc"
          ]
        }
      ]
    }
  ],
  "check_results": null
}
